
Microsoft Visual Studio Solution File, Format Version 12.00
# Visual Studio 2013
VisualStudioVersion = 12.0.31101.0
MinimumVisualStudioVersion = 10.0.40219.1
Project("{FAE04EC0-301F-11D3-BF4B-00C04F79EFBC}") = "lv6_1", "lv6_1\lv6_1.csproj", "{719EF1F0-3307-491F-82B6-9E6BCEB1BA3A}"
EndProject
Global
	GlobalSection(SolutionConfigurationPlatforms) = preSolution
		Debug|Any CPU = Debug|Any CPU
		Release|Any CPU = Release|Any CPU
	EndGlobalSection
	GlobalSection(ProjectConfigurationPlatforms) = postSolution
		{719EF1F0-3307-491F-82B6-9E6BCEB1BA3A}.Debug|Any CPU.ActiveCfg = Debug|Any CPU
		{719EF1F0-3307-491F-82B6-9E6BCEB1BA3A}.Debug|Any CPU.Build.0 = Debug|Any CPU
		{719EF1F0-3307-491F-82B6-9E6BCEB1BA3A}.Release|Any CPU.ActiveCfg = Release|Any CPU
		{719EF1F0-3307-491F-82B6-9E6BCEB1BA3A}.Release|Any CPU.Build.0 = Release|Any CPU
	EndGlobalSection
	GlobalSection(SolutionProperties) = preSolution
		HideSolutionNode = FALSE
	EndGlobalSection
EndGlobal
